
Microsoft Visual Studio Solution File, Format Version 12.00
# Visual Studio Version 16
VisualStudioVersion = 16.0.30523.141
MinimumVisualStudioVersion = 10.0.40219.1
Project("{FAE04EC0-301F-11D3-BF4B-00C04F79EFBC}") = "TestTCP", "TestTCP\TestTCP.csproj", "{59A94B95-C13A-433D-925F-E0D2C49CAC84}"
EndProject
Global
	GlobalSection(SolutionConfigurationPlatforms) = preSolution
		Debug|Any CPU = Debug|Any CPU
		Release|Any CPU = Release|Any CPU
	EndGlobalSection
	GlobalSection(ProjectConfigurationPlatforms) = postSolution
		{59A94B95-C13A-433D-925F-E0D2C49CAC84}.Debug|Any CPU.ActiveCfg = Debug|Any CPU
		{59A94B95-C13A-433D-925F-E0D2C49CAC84}.Debug|Any CPU.Build.0 = Debug|Any CPU
		{59A94B95-C13A-433D-925F-E0D2C49CAC84}.Release|Any CPU.ActiveCfg = Release|Any CPU
		{59A94B95-C13A-433D-925F-E0D2C49CAC84}.Release|Any CPU.Build.0 = Release|Any CPU
	EndGlobalSection
	GlobalSection(SolutionProperties) = preSolution
		HideSolutionNode = FALSE
	EndGlobalSection
	GlobalSection(ExtensibilityGlobals) = postSolution
		SolutionGuid = {546DD8FC-BA59-444D-BF3E-EEAF894489B0}
	EndGlobalSection
EndGlobal
